// !$*UTF8*$!
{
	archiveVersion = 1;
	classes = {
	};
	objectVersion = 46;
	objects = {

/* Begin PBXBuildFile section */
		3EA2AE8E1B3A409B00BB6477 /* AppDelegate.swift in Sources */ = {isa = PBXBuildFile; fileRef = 3EA2AE8D1B3A409B00BB6477 /* AppDelegate.swift */; };
		3EA2AE901B3A409B00BB6477 /* ViewController.swift in Sources */ = {isa = PBXBuildFile; fileRef = 3EA2AE8F1B3A409B00BB6477 /* ViewController.swift */; };
		3EA2AE931B3A409B00BB6477 /* Main.storyboard in Resources */ = {isa = PBXBuildFile; fileRef = 3EA2AE911B3A409B00BB6477 /* Main.storyboard */; };
		3EA2AE951B3A409B00BB6477 /* Images.xcassets in Resources */ = {isa = PBXBuildFile; fileRef = 3EA2AE941B3A409B00BB6477 /* Images.xcassets */; };
		3EA2AE981B3A409B00BB6477 /* LaunchScreen.xib in Resources */ = {isa = PBXBuildFile; fileRef = 3EA2AE961B3A409B00BB6477 /* LaunchScreen.xib */; };
		3EA2AEA41B3A409B00BB6477 /* practice01Tests.swift in Sources */ = {isa = PBXBuildFile; fileRef = 3EA2AEA31B3A409B00BB6477 /* practice01Tests.swift */; };
		3EA2AEAF1B3A40EA00BB6477 /* JSONKit.m in Sources */ = {isa = PBXBuildFile; fileRef = 3EA2AEAE1B3A40EA00BB6477 /* JSONKit.m */; settings = {COMPILER_FLAGS = "-fno-objc-arc"; }; };
		3EA2AEB31B3A464700BB6477 /* GDataXMLNode.m in Sources */ = {isa = PBXBuildFile; fileRef = 3EA2AEB21B3A464700BB6477 /* GDataXMLNode.m */; };
		3EA2AEB51B3A504000BB6477 /* libxml2.2.dylib in Frameworks */ = {isa = PBXBuildFile; fileRef = 3EA2AEB41B3A504000BB6477 /* libxml2.2.dylib */; };
		3EA991CE1B3A840800033E7A /* users.xml in Resources */ = {isa = PBXBuildFile; fileRef = 3EA991CD1B3A840800033E7A /* users.xml */; };
/* End PBXBuildFile section */

/* Begin PBXContainerItemProxy section */
		3EA2AE9E1B3A409B00BB6477 /* PBXContainerItemProxy */ = {
			isa = PBXContainerItemProxy;
			containerPortal = 3EA2AE801B3A409B00BB6477 /* Project object */;
			proxyType = 1;
			remoteGlobalIDString = 3EA2AE871B3A409B00BB6477;
			remoteInfo = practice01;
		};
/* End PBXContainerItemProxy section */

/* Begin PBXFileReference section */
		3EA2AE881B3A409B00BB6477 /* practice01.app */ = {isa = PBXFileReference; explicitFileType = wrapper.application; includeInIndex = 0; path = practice01.app; sourceTree = BUILT_PRODUCTS_DIR; };
		3EA2AE8C1B3A409B00BB6477 /* Info.plist */ = {isa = PBXFileReference; lastKnownFileType = text.plist.xml; path = Info.plist; sourceTree = "<group>"; };
		3EA2AE8D1B3A409B00BB6477 /* AppDelegate.swift */ = {isa = PBXFileReference; lastKnownFileType = sourcecode.swift; path = AppDelegate.swift; sourceTree = "<group>"; };
		3EA2AE8F1B3A409B00BB6477 /* ViewController.swift */ = {isa = PBXFileReference; lastKnownFileType = sourcecode.swift; path = ViewController.swift; sourceTree = "<group>"; };
		3EA2AE921B3A409B00BB6477 /* Base */ = {isa = PBXFileReference; lastKnownFileType = file.storyboard; name = Base; path = Base.lproj/Main.storyboard; sourceTree = "<group>"; };
		3EA2AE941B3A409B00BB6477 /* Images.xcassets */ = {isa = PBXFileReference; lastKnownFileType = folder.assetcatalog; path = Images.xcassets; sourceTree = "<group>"; };
		3EA2AE971B3A409B00BB6477 /* Base */ = {isa = PBXFileReference; lastKnownFileType = file.xib; name = Base; path = Base.lproj/LaunchScreen.xib; sourceTree = "<group>"; };
		3EA2AE9D1B3A409B00BB6477 /* practice01Tests.xctest */ = {isa = PBXFileReference; explicitFileType = wrapper.cfbundle; includeInIndex = 0; path = practice01Tests.xctest; sourceTree = BUILT_PRODUCTS_DIR; };
		3EA2AEA21B3A409B00BB6477 /* Info.plist */ = {isa = PBXFileReference; lastKnownFileType = text.plist.xml; path = Info.plist; sourceTree = "<group>"; };
		3EA2AEA31B3A409B00BB6477 /* practice01Tests.swift */ = {isa = PBXFileReference; lastKnownFileType = sourcecode.swift; path = practice01Tests.swift; sourceTree = "<group>"; };
		3EA2AEAD1B3A40EA00BB6477 /* JSONKit.h */ = {isa = PBXFileReference; fileEncoding = 4; lastKnownFileType = sourcecode.c.h; path = JSONKit.h; sourceTree = "<group>"; };
		3EA2AEAE1B3A40EA00BB6477 /* JSONKit.m */ = {isa = PBXFileReference; fileEncoding = 4; lastKnownFileType = sourcecode.c.objc; path = JSONKit.m; sourceTree = "<group>"; };
		3EA2AEB01B3A410100BB6477 /* Bridging-Header.h */ = {isa = PBXFileReference; lastKnownFileType = sourcecode.c.h; path = "Bridging-Header.h"; sourceTree = "<group>"; };
		3EA2AEB11B3A464700BB6477 /* GDataXMLNode.h */ = {isa = PBXFileReference; fileEncoding = 4; lastKnownFileType = sourcecode.c.h; path = GDataXMLNode.h; sourceTree = "<group>"; };
		3EA2AEB21B3A464700BB6477 /* GDataXMLNode.m */ = {isa = PBXFileReference; fileEncoding = 4; lastKnownFileType = sourcecode.c.objc; path = GDataXMLNode.m; sourceTree = "<group>"; };
		3EA2AEB41B3A504000BB6477 /* libxml2.2.dylib */ = {isa = PBXFileReference; lastKnownFileType = "compiled.mach-o.dylib"; name = libxml2.2.dylib; path = usr/lib/libxml2.2.dylib; sourceTree = SDKROOT; };
		3EA991CD1B3A840800033E7A /* users.xml */ = {isa = PBXFileReference; fileEncoding = 4; lastKnownFileType = text.xml; path = users.xml; sourceTree = "<group>"; };
/* End PBXFileReference section */

/* Begin PBXFrameworksBuildPhase section */
		3EA2AE851B3A409B00BB6477 /* Frameworks */ = {
			isa = PBXFrameworksBuildPhase;
			buildActionMask = 2147483647;
			files = (
				3EA2AEB51B3A504000BB6477 /* libxml2.2.dylib in Frameworks */,
			);
			runOnlyForDeploymentPostprocessing = 0;
		};
		3EA2AE9A1B3A409B00BB6477 /* Frameworks */ = {
			isa = PBXFrameworksBuildPhase;
			buildActionMask = 2147483647;
			files = (
			);
			runOnlyForDeploymentPostprocessing = 0;
		};
/* End PBXFrameworksBuildPhase section */

/* Begin PBXGroup section */
		3EA2AE7F1B3A409B00BB6477 = {
			isa = PBXGroup;
			children = (
				3EA2AEB41B3A504000BB6477 /* libxml2.2.dylib */,
				3EA2AE8A1B3A409B00BB6477 /* practice01 */,
				3EA2AEA01B3A409B00BB6477 /* practice01Tests */,
				3EA2AE891B3A409B00BB6477 /* Products */,
			);
			sourceTree = "<group>";
		};
		3EA2AE891B3A409B00BB6477 /* Products */ = {
			isa = PBXGroup;
			children = (
				3EA2AE881B3A409B00BB6477 /* practice01.app */,
				3EA2AE9D1B3A409B00BB6477 /* practice01Tests.xctest */,
			);
			name = Products;
			sourceTree = "<group>";
		};
		3EA2AE8A1B3A409B00BB6477 /* practice01 */ = {
			isa = PBXGroup;
			children = (
				3EA991CD1B3A840800033E7A /* users.xml */,
				3EA2AEB11B3A464700BB6477 /* GDataXMLNode.h */,
				3EA2AEB21B3A464700BB6477 /* GDataXMLNode.m */,
				3EA2AEB01B3A410100BB6477 /* Bridging-Header.h */,
				3EA2AEAD1B3A40EA00BB6477 /* JSONKit.h */,
				3EA2AEAE1B3A40EA00BB6477 /* JSONKit.m */,
				3EA2AE8D1B3A409B00BB6477 /* AppDelegate.swift */,
				3EA2AE8F1B3A409B00BB6477 /* ViewController.swift */,
				3EA2AE911B3A409B00BB6477 /* Main.storyboard */,
				3EA2AE941B3A409B00BB6477 /* Images.xcassets */,
				3EA2AE961B3A409B00BB6477 /* LaunchScreen.xib */,
				3EA2AE8B1B3A409B00BB6477 /* Supporting Files */,
			);
			path = practice01;
			sourceTree = "<group>";
		};
		3EA2AE8B1B3A409B00BB6477 /* Supporting Files */ = {
			isa = PBXGroup;
			children = (
				3EA2AE8C1B3A409B00BB6477 /* Info.plist */,
			);
			name = "Supporting Files";
			sourceTree = "<group>";
		};
		3EA2AEA01B3A409B00BB6477 /* practice01Tests */ = {
			isa = PBXGroup;
			children = (
				3EA2AEA31B3A409B00BB6477 /* practice01Tests.swift */,
				3EA2AEA11B3A409B00BB6477 /* Supporting Files */,
			);
			path = practice01Tests;
			sourceTree = "<group>";
		};
		3EA2AEA11B3A409B00BB6477 /* Supporting Files */ = {
			isa = PBXGroup;
			children = (
				3EA2AEA21B3A409B00BB6477 /* Info.plist */,
			);
			name = "Supporting Files";
			sourceTree = "<group>";
		};
/* End PBXGroup section */

/* Begin PBXNativeTarget section */
		3EA2AE871B3A409B00BB6477 /* practice01 */ = {
			isa = PBXNativeTarget;
			buildConfigurationList = 3EA2AEA71B3A409B00BB6477 /* Build configuration list for PBXNativeTarget "practice01" */;
			buildPhases = (
				3EA2AE841B3A409B00BB6477 /* Sources */,
				3EA2AE851B3A409B00BB6477 /* Frameworks */,
				3EA2AE861B3A409B00BB6477 /* Resources */,
			);
			buildRules = (
			);
			dependencies = (
			);
			name = practice01;
			productName = practice01;
			productReference = 3EA2AE881B3A409B00BB6477 /* practice01.app */;
			productType = "com.apple.product-type.application";
		};
		3EA2AE9C1B3A409B00BB6477 /* practice01Tests */ = {
			isa = PBXNativeTarget;
			buildConfigurationList = 3EA2AEAA1B3A409B00BB6477 /* Build configuration list for PBXNativeTarget "practice01Tests" */;
			buildPhases = (
				3EA2AE991B3A409B00BB6477 /* Sources */,
				3EA2AE9A1B3A409B00BB6477 /* Frameworks */,
				3EA2AE9B1B3A409B00BB6477 /* Resources */,
			);
			buildRules = (
			);
			dependencies = (
				3EA2AE9F1B3A409B00BB6477 /* PBXTargetDependency */,
			);
			name = practice01Tests;
			productName = practice01Tests;
			productReference = 3EA2AE9D1B3A409B00BB6477 /* practice01Tests.xctest */;
			productType = "com.apple.product-type.bundle.unit-test";
		};
/* End PBXNativeTarget section */

/* Begin PBXProject section */
		3EA2AE801B3A409B00BB6477 /* Project object */ = {
			isa = PBXProject;
			attributes = {
				LastUpgradeCheck = 0630;
				ORGANIZATIONNAME = "张长虹";
				TargetAttributes = {
					3EA2AE871B3A409B00BB6477 = {
						CreatedOnToolsVersion = 6.3.2;
					};
					3EA2AE9C1B3A409B00BB6477 = {
						CreatedOnToolsVersion = 6.3.2;
						TestTargetID = 3EA2AE871B3A409B00BB6477;
					};
				};
			};
			buildConfigurationList = 3EA2AE831B3A409B00BB6477 /* Build configuration list for PBXProject "practice01" */;
			compatibilityVersion = "Xcode 3.2";
			developmentRegion = English;
			hasScannedForEncodings = 0;
			knownRegions = (
				en,
				Base,
			);
			mainGroup = 3EA2AE7F1B3A409B00BB6477;
			productRefGroup = 3EA2AE891B3A409B00BB6477 /* Products */;
			projectDirPath = "";
			projectRoot = "";
			targets = (
				3EA2AE871B3A409B00BB6477 /* practice01 */,
				3EA2AE9C1B3A409B00BB6477 /* practice01Tests */,
			);
		};
/* End PBXProject section */

/* Begin PBXResourcesBuildPhase section */
		3EA2AE861B3A409B00BB6477 /* Resources */ = {
			isa = PBXResourcesBuildPhase;
			buildActionMask = 2147483647;
			files = (
				3EA2AE931B3A409B00BB6477 /* Main.storyboard in Resources */,
				3EA2AE981B3A409B00BB6477 /* LaunchScreen.xib in Resources */,
				3EA991CE1B3A840800033E7A /* users.xml in Resources */,
				3EA2AE951B3A409B00BB6477 /* Images.xcassets in Resources */,
			);
			runOnlyForDeploymentPostprocessing = 0;
		};
		3EA2AE9B1B3A409B00BB6477 /* Resources */ = {
			isa = PBXResourcesBuildPhase;
			buildActionMask = 2147483647;
			files = (
			);
			runOnlyForDeploymentPostprocessing = 0;
		};
/* End PBXResourcesBuildPhase section */

/* Begin PBXSourcesBuildPhase section */
		3EA2AE841B3A409B00BB6477 /* Sources */ = {
			isa = PBXSourcesBuildPhase;
			buildActionMask = 2147483647;
			files = (
				3EA2AE901B3A409B00BB6477 /* ViewController.swift in Sources */,
				3EA2AEB31B3A464700BB6477 /* GDataXMLNode.m in Sources */,
				3EA2AE8E1B3A409B00BB6477 /* AppDelegate.swift in Sources */,
				3EA2AEAF1B3A40EA00BB6477 /* JSONKit.m in Sources */,
			);
			runOnlyForDeploymentPostprocessing = 0;
		};
		3EA2AE991B3A409B00BB6477 /* Sources */ = {
			isa = PBXSourcesBuildPhase;
			buildActionMask = 2147483647;
			files = (
				3EA2AEA41B3A409B00BB6477 /* practice01Tests.swift in Sources */,
			);
			runOnlyForDeploymentPostprocessing = 0;
		};
/* End PBXSourcesBuildPhase section */

/* Begin PBXTargetDependency section */
		3EA2AE9F1B3A409B00BB6477 /* PBXTargetDependency */ = {
			isa = PBXTargetDependency;
			target = 3EA2AE871B3A409B00BB6477 /* practice01 */;
			targetProxy = 3EA2AE9E1B3A409B00BB6477 /* PBXContainerItemProxy */;
		};
/* End PBXTargetDependency section */

/* Begin PBXVariantGroup section */
		3EA2AE911B3A409B00BB6477 /* Main.storyboard */ = {
			isa = PBXVariantGroup;
			children = (
				3EA2AE921B3A409B00BB6477 /* Base */,
			);
			name = Main.storyboard;
			sourceTree = "<group>";
		};
		3EA2AE961B3A409B00BB6477 /* LaunchScreen.xib */ = {
			isa = PBXVariantGroup;
			children = (
				3EA2AE971B3A409B00BB6477 /* Base */,
			);
			name = LaunchScreen.xib;
			sourceTree = "<group>";
		};
/* End PBXVariantGroup section */

/* Begin XCBuildConfiguration section */
		3EA2AEA51B3A409B00BB6477 /* Debug */ = {
			isa = XCBuildConfiguration;
			buildSettings = {
				ALWAYS_SEARCH_USER_PATHS = NO;
				CLANG_CXX_LANGUAGE_STANDARD = "gnu++0x";
				CLANG_CXX_LIBRARY = "libc++";
				CLANG_ENABLE_MODULES = YES;
				CLANG_ENABLE_OBJC_ARC = YES;
				CLANG_WARN_BOOL_CONVERSION = YES;
				CLANG_WARN_CONSTANT_CONVERSION = YES;
				CLANG_WARN_DIRECT_OBJC_ISA_USAGE = YES_ERROR;
				CLANG_WARN_EMPTY_BODY = YES;
				CLANG_WARN_ENUM_CONVERSION = YES;
				CLANG_WARN_INT_CONVERSION = YES;
				CLANG_WARN_OBJC_ROOT_CLASS = YES_ERROR;
				CLANG_WARN_UNREACHABLE_CODE = YES;
				CLANG_WARN__DUPLICATE_METHOD_MATCH = YES;
				"CODE_SIGN_IDENTITY[sdk=iphoneos*]" = "iPhone Developer";
				COPY_PHASE_STRIP = NO;
				DEBUG_INFORMATION_FORMAT = "dwarf-with-dsym";
				ENABLE_STRICT_OBJC_MSGSEND = YES;
				GCC_C_LANGUAGE_STANDARD = gnu99;
				GCC_DYNAMIC_NO_PIC = NO;
				GCC_NO_COMMON_BLOCKS = YES;
				GCC_OPTIMIZATION_LEVEL = 0;
				GCC_PREPROCESSOR_DEFINITIONS = (
					"DEBUG=1",
					"$(inherited)",
				);
				GCC_SYMBOLS_PRIVATE_EXTERN = NO;
				GCC_WARN_64_TO_32_BIT_CONVERSION = YES;
				GCC_WARN_ABOUT_RETURN_TYPE = YES_ERROR;
				GCC_WARN_UNDECLARED_SELECTOR = YES;
				GCC_WARN_UNINITIALIZED_AUTOS = YES_AGGRESSIVE;
				GCC_WARN_UNUSED_FUNCTION = YES;
				GCC_WARN_UNUSED_VARIABLE = YES;
				IPHONEOS_DEPLOYMENT_TARGET = 8.3;
				MTL_ENABLE_DEBUG_INFO = YES;
				ONLY_ACTIVE_ARCH = YES;
				SDKROOT = iphoneos;
				SWIFT_OPTIMIZATION_LEVEL = "-Onone";
				TARGETED_DEVICE_FAMILY = "1,2";
			};
			name = Debug;
		};
		3EA2AEA61B3A409B00BB6477 /* Release */ = {
			isa = XCBuildConfiguration;
			buildSettings = {
				ALWAYS_SEARCH_USER_PATHS = NO;
				CLANG_CXX_LANGUAGE_STANDARD = "gnu++0x";
				CLANG_CXX_LIBRARY = "libc++";
				CLANG_ENABLE_MODULES = YES;
				CLANG_ENABLE_OBJC_ARC = YES;
				CLANG_WARN_BOOL_CONVERSION = YES;
				CLANG_WARN_CONSTANT_CONVERSION = YES;
				CLANG_WARN_DIRECT_OBJC_ISA_USAGE = YES_ERROR;
				CLANG_WARN_EMPTY_BODY = YES;
				CLANG_WARN_ENUM_CONVERSION = YES;
				CLANG_WARN_INT_CONVERSION = YES;
				CLANG_WARN_OBJC_ROOT_CLASS = YES_ERROR;
				CLANG_WARN_UNREACHABLE_CODE = YES;
				CLANG_WARN__DUPLICATE_METHOD_MATCH = YES;
				"CODE_SIGN_IDENTITY[sdk=iphoneos*]" = "iPhone Developer";
				COPY_PHASE_STRIP = NO;
				DEBUG_INFORMATION_FORMAT = "dwarf-with-dsym";
				ENABLE_NS_ASSERTIONS = NO;
				ENABLE_STRICT_OBJC_MSGSEND = YES;
				GCC_C_LANGUAGE_STANDARD = gnu99;
				GCC_NO_COMMON_BLOCKS = YES;
				GCC_WARN_64_TO_32_BIT_CONVERSION = YES;
				GCC_WARN_ABOUT_RETURN_TYPE = YES_ERROR;
				GCC_WARN_UNDECLARED_SELECTOR = YES;
				GCC_WARN_UNINITIALIZED_AUTOS = YES_AGGRESSIVE;
				GCC_WARN_UNUSED_FUNCTION = YES;
				GCC_WARN_UNUSED_VARIABLE = YES;
				IPHONEOS_DEPLOYMENT_TARGET = 8.3;
				MTL_ENABLE_DEBUG_INFO = NO;
				SDKROOT = iphoneos;
				TARGETED_DEVICE_FAMILY = "1,2";
				VALIDATE_PRODUCT = YES;
			};
			name = Release;
		};
		3EA2AEA81B3A409B00BB6477 /* Debug */ = {
			isa = XCBuildConfiguration;
			buildSettings = {
				ASSETCATALOG_COMPILER_APPICON_NAME = AppIcon;
				CLANG_ENABLE_MODULES = YES;
				CLANG_ENABLE_OBJC_ARC = NO;
				HEADER_SEARCH_PATHS = (
					"$(inherited)",
					/Applications/Xcode.app/Contents/Developer/Toolchains/XcodeDefault.xctoolchain/usr/include,
					"$(SDKROOT)/usr/include/libxml2",
				);
				INFOPLIST_FILE = practice01/Info.plist;
				LD_RUNPATH_SEARCH_PATHS = "$(inherited) @executable_path/Frameworks";
				PRODUCT_NAME = "$(TARGET_NAME)";
				SWIFT_OBJC_BRIDGING_HEADER = "practice01/Bridging-Header.h";
				SWIFT_OPTIMIZATION_LEVEL = "-Onone";
			};
			name = Debug;
		};
		3EA2AEA91B3A409B00BB6477 /* Release */ = {
			isa = XCBuildConfiguration;
			buildSettings = {
				ASSETCATALOG_COMPILER_APPICON_NAME = AppIcon;
				CLANG_ENABLE_MODULES = YES;
				CLANG_ENABLE_OBJC_ARC = NO;
				HEADER_SEARCH_PATHS = (
					"$(inherited)",
					/Applications/Xcode.app/Contents/Developer/Toolchains/XcodeDefault.xctoolchain/usr/include,
					"$(SDKROOT)/usr/include/libxml2",
				);
				INFOPLIST_FILE = practice01/Info.plist;
				LD_RUNPATH_SEARCH_PATHS = "$(inherited) @executable_path/Frameworks";
				PRODUCT_NAME = "$(TARGET_NAME)";
				SWIFT_OBJC_BRIDGING_HEADER = "practice01/Bridging-Header.h";
			};
			name = Release;
		};
		3EA2AEAB1B3A409B00BB6477 /* Debug */ = {
			isa = XCBuildConfiguration;
			buildSettings = {
				BUNDLE_LOADER = "$(TEST_HOST)";
				FRAMEWORK_SEARCH_PATHS = (
					"$(SDKROOT)/Developer/Library/Frameworks",
					"$(inherited)",
				);
				GCC_PREPROCESSOR_DEFINITIONS = (
					"DEBUG=1",
					"$(inherited)",
				);
				INFOPLIST_FILE = practice01Tests/Info.plist;
				LD_RUNPATH_SEARCH_PATHS = "$(inherited) @executable_path/Frameworks @loader_path/Frameworks";
				PRODUCT_NAME = "$(TARGET_NAME)";
				TEST_HOST = "$(BUILT_PRODUCTS_DIR)/practice01.app/practice01";
			};
			name = Debug;
		};
		3EA2AEAC1B3A409B00BB6477 /* Release */ = {
			isa = XCBuildConfiguration;
			buildSettings = {
				BUNDLE_LOADER = "$(TEST_HOST)";
				FRAMEWORK_SEARCH_PATHS = (
					"$(SDKROOT)/Developer/Library/Frameworks",
					"$(inherited)",
				);
				INFOPLIST_FILE = practice01Tests/Info.plist;
				LD_RUNPATH_SEARCH_PATHS = "$(inherited) @executable_path/Frameworks @loader_path/Frameworks";
				PRODUCT_NAME = "$(TARGET_NAME)";
				TEST_HOST = "$(BUILT_PRODUCTS_DIR)/practice01.app/practice01";
			};
			name = Release;
		};
/* End XCBuildConfiguration section */

/* Begin XCConfigurationList section */
		3EA2AE831B3A409B00BB6477 /* Build configuration list for PBXProject "practice01" */ = {
			isa = XCConfigurationList;
			buildConfigurations = (
				3EA2AEA51B3A409B00BB6477 /* Debug */,
				3EA2AEA61B3A409B00BB6477 /* Release */,
			);
			defaultConfigurationIsVisible = 0;
			defaultConfigurationName = Release;
		};
		3EA2AEA71B3A409B00BB6477 /* Build configuration list for PBXNativeTarget "practice01" */ = {
			isa = XCConfigurationList;
			buildConfigurations = (
				3EA2AEA81B3A409B00BB6477 /* Debug */,
				3EA2AEA91B3A409B00BB6477 /* Release */,
			);
			defaultConfigurationIsVisible = 0;
			defaultConfigurationName = Release;
		};
		3EA2AEAA1B3A409B00BB6477 /* Build configuration list for PBXNativeTarget "practice01Tests" */ = {
			isa = XCConfigurationList;
			buildConfigurations = (
				3EA2AEAB1B3A409B00BB6477 /* Debug */,
				3EA2AEAC1B3A409B00BB6477 /* Release */,
			);
			defaultConfigurationIsVisible = 0;
			defaultConfigurationName = Release;
		};
/* End XCConfigurationList section */
	};
	rootObject = 3EA2AE801B3A409B00BB6477 /* Project object */;
}
